
Microsoft Visual Studio Solution File, Format Version 12.00
Project("{FAE04EC0-301F-11D3-BF4B-00C04F79EFBC}") = "discord-payment-bot", "discord-payment-bot\discord-payment-bot.csproj", "{3D14FFA1-EF7F-4A41-8ACC-07CB308D12B7}"
EndProject
Global
	GlobalSection(SolutionConfigurationPlatforms) = preSolution
		Debug|Any CPU = Debug|Any CPU
		Release|Any CPU = Release|Any CPU
	EndGlobalSection
	GlobalSection(ProjectConfigurationPlatforms) = postSolution
		{3D14FFA1-EF7F-4A41-8ACC-07CB308D12B7}.Debug|Any CPU.ActiveCfg = Debug|Any CPU
		{3D14FFA1-EF7F-4A41-8ACC-07CB308D12B7}.Debug|Any CPU.Build.0 = Debug|Any CPU
		{3D14FFA1-EF7F-4A41-8ACC-07CB308D12B7}.Release|Any CPU.ActiveCfg = Release|Any CPU
		{3D14FFA1-EF7F-4A41-8ACC-07CB308D12B7}.Release|Any CPU.Build.0 = Release|Any CPU
	EndGlobalSection
EndGlobal
